// !$*UTF8*$!
{
	archiveVersion = 1;
	classes = {
	};
	objectVersion = 52;
	objects = {

/* Begin PBXBuildFile section */
		A771D81D253B3D2100C600A6 /* GolfTrackerApp.swift in Sources */ = {isa = PBXBuildFile; fileRef = A771D81C253B3D2100C600A6 /* GolfTrackerApp.swift */; };
		A771D81F253B3D2100C600A6 /* StatsView.swift in Sources */ = {isa = PBXBuildFile; fileRef = A771D81E253B3D2100C600A6 /* StatsView.swift */; };
		A771D821253B3D2400C600A6 /* Assets.xcassets in Resources */ = {isa = PBXBuildFile; fileRef = A771D820253B3D2400C600A6 /* Assets.xcassets */; };
		A771D824253B3D2400C600A6 /* Preview Assets.xcassets in Resources */ = {isa = PBXBuildFile; fileRef = A771D823253B3D2400C600A6 /* Preview Assets.xcassets */; };
		A771D82F253B4C0300C600A6 /* StatsViewModel.swift in Sources */ = {isa = PBXBuildFile; fileRef = A771D82E253B4C0300C600A6 /* StatsViewModel.swift */; };
		A771D833253BB26700C600A6 /* GolfCourse.swift in Sources */ = {isa = PBXBuildFile; fileRef = A771D832253BB26700C600A6 /* GolfCourse.swift */; };
		A771D839253BB44200C600A6 /* Scorecard.swift in Sources */ = {isa = PBXBuildFile; fileRef = A771D838253BB44200C600A6 /* Scorecard.swift */; };
		A771D83C253BB53500C600A6 /* ResponseWrapper.swift in Sources */ = {isa = PBXBuildFile; fileRef = A771D83B253BB53500C600A6 /* ResponseWrapper.swift */; };
		A771D840253BB61D00C600A6 /* Networking.swift in Sources */ = {isa = PBXBuildFile; fileRef = A771D83F253BB61D00C600A6 /* Networking.swift */; };
		A771D843253BB7E000C600A6 /* CLLocationCoordinate2D+Codable.swift in Sources */ = {isa = PBXBuildFile; fileRef = A771D842253BB7E000C600A6 /* CLLocationCoordinate2D+Codable.swift */; };
		A771D84F253BBFB400C600A6 /* NetworkingSecrets.swift in Sources */ = {isa = PBXBuildFile; fileRef = A771D84E253BBFB400C600A6 /* NetworkingSecrets.swift */; };
		A771D854253BC35800C600A6 /* CourseSearch.swift in Sources */ = {isa = PBXBuildFile; fileRef = A771D853253BC35800C600A6 /* CourseSearch.swift */; };
		A771D857253BC3F300C600A6 /* CourseSearchViewModel.swift in Sources */ = {isa = PBXBuildFile; fileRef = A771D856253BC3F300C600A6 /* CourseSearchViewModel.swift */; };
		A771D886253BD92F00C600A6 /* AWSSigner in Frameworks */ = {isa = PBXBuildFile; productRef = A771D885253BD92F00C600A6 /* AWSSigner */; };
		A771D88C253BDD6C00C600A6 /* URLRequest+AWSSigning.swift in Sources */ = {isa = PBXBuildFile; fileRef = A771D88B253BDD6C00C600A6 /* URLRequest+AWSSigning.swift */; };
		A771D88F253D27AC00C600A6 /* CourseCell.swift in Sources */ = {isa = PBXBuildFile; fileRef = A771D88E253D27AC00C600A6 /* CourseCell.swift */; };
/* End PBXBuildFile section */

/* Begin PBXFileReference section */
		A771D819253B3D2100C600A6 /* GolfTracker.app */ = {isa = PBXFileReference; explicitFileType = wrapper.application; includeInIndex = 0; path = GolfTracker.app; sourceTree = BUILT_PRODUCTS_DIR; };
		A771D81C253B3D2100C600A6 /* GolfTrackerApp.swift */ = {isa = PBXFileReference; lastKnownFileType = sourcecode.swift; path = GolfTrackerApp.swift; sourceTree = "<group>"; };
		A771D81E253B3D2100C600A6 /* StatsView.swift */ = {isa = PBXFileReference; lastKnownFileType = sourcecode.swift; path = StatsView.swift; sourceTree = "<group>"; };
		A771D820253B3D2400C600A6 /* Assets.xcassets */ = {isa = PBXFileReference; lastKnownFileType = folder.assetcatalog; path = Assets.xcassets; sourceTree = "<group>"; };
		A771D823253B3D2400C600A6 /* Preview Assets.xcassets */ = {isa = PBXFileReference; lastKnownFileType = folder.assetcatalog; path = "Preview Assets.xcassets"; sourceTree = "<group>"; };
		A771D825253B3D2400C600A6 /* Info.plist */ = {isa = PBXFileReference; lastKnownFileType = text.plist.xml; path = Info.plist; sourceTree = "<group>"; };
		A771D82E253B4C0300C600A6 /* StatsViewModel.swift */ = {isa = PBXFileReference; lastKnownFileType = sourcecode.swift; path = StatsViewModel.swift; sourceTree = "<group>"; };
		A771D832253BB26700C600A6 /* GolfCourse.swift */ = {isa = PBXFileReference; lastKnownFileType = sourcecode.swift; path = GolfCourse.swift; sourceTree = "<group>"; };
		A771D838253BB44200C600A6 /* Scorecard.swift */ = {isa = PBXFileReference; lastKnownFileType = sourcecode.swift; path = Scorecard.swift; sourceTree = "<group>"; };
		A771D83B253BB53500C600A6 /* ResponseWrapper.swift */ = {isa = PBXFileReference; lastKnownFileType = sourcecode.swift; path = ResponseWrapper.swift; sourceTree = "<group>"; };
		A771D83F253BB61D00C600A6 /* Networking.swift */ = {isa = PBXFileReference; lastKnownFileType = sourcecode.swift; path = Networking.swift; sourceTree = "<group>"; };
		A771D842253BB7E000C600A6 /* CLLocationCoordinate2D+Codable.swift */ = {isa = PBXFileReference; lastKnownFileType = sourcecode.swift; path = "CLLocationCoordinate2D+Codable.swift"; sourceTree = "<group>"; };
		A771D84E253BBFB400C600A6 /* NetworkingSecrets.swift */ = {isa = PBXFileReference; lastKnownFileType = sourcecode.swift; path = NetworkingSecrets.swift; sourceTree = "<group>"; };
		A771D853253BC35800C600A6 /* CourseSearch.swift */ = {isa = PBXFileReference; lastKnownFileType = sourcecode.swift; path = CourseSearch.swift; sourceTree = "<group>"; };
		A771D856253BC3F300C600A6 /* CourseSearchViewModel.swift */ = {isa = PBXFileReference; lastKnownFileType = sourcecode.swift; path = CourseSearchViewModel.swift; sourceTree = "<group>"; };
		A771D88B253BDD6C00C600A6 /* URLRequest+AWSSigning.swift */ = {isa = PBXFileReference; lastKnownFileType = sourcecode.swift; path = "URLRequest+AWSSigning.swift"; sourceTree = "<group>"; };
		A771D88E253D27AC00C600A6 /* CourseCell.swift */ = {isa = PBXFileReference; lastKnownFileType = sourcecode.swift; path = CourseCell.swift; sourceTree = "<group>"; };
/* End PBXFileReference section */

/* Begin PBXFrameworksBuildPhase section */
		A771D816253B3D2100C600A6 /* Frameworks */ = {
			isa = PBXFrameworksBuildPhase;
			buildActionMask = 2147483647;
			files = (
				A771D886253BD92F00C600A6 /* AWSSigner in Frameworks */,
			);
			runOnlyForDeploymentPostprocessing = 0;
		};
/* End PBXFrameworksBuildPhase section */

/* Begin PBXGroup section */
		A771D810253B3D2100C600A6 = {
			isa = PBXGroup;
			children = (
				A771D81B253B3D2100C600A6 /* GolfTracker */,
				A771D81A253B3D2100C600A6 /* Products */,
			);
			sourceTree = "<group>";
		};
		A771D81A253B3D2100C600A6 /* Products */ = {
			isa = PBXGroup;
			children = (
				A771D819253B3D2100C600A6 /* GolfTracker.app */,
			);
			name = Products;
			sourceTree = "<group>";
		};
		A771D81B253B3D2100C600A6 /* GolfTracker */ = {
			isa = PBXGroup;
			children = (
				A771D81C253B3D2100C600A6 /* GolfTrackerApp.swift */,
				A771D852253BC34700C600A6 /* Course Search */,
				A771D84D253BBF6B00C600A6 /* Secrets */,
				A771D835253BB26A00C600A6 /* Model Objects */,
				A771D82D253B4BED00C600A6 /* Stats View */,
				A771D83E253BB60B00C600A6 /* Networking */,
				A771D825253B3D2400C600A6 /* Info.plist */,
				A771D820253B3D2400C600A6 /* Assets.xcassets */,
				A771D822253B3D2400C600A6 /* Preview Content */,
			);
			path = GolfTracker;
			sourceTree = "<group>";
		};
		A771D822253B3D2400C600A6 /* Preview Content */ = {
			isa = PBXGroup;
			children = (
				A771D823253B3D2400C600A6 /* Preview Assets.xcassets */,
			);
			path = "Preview Content";
			sourceTree = "<group>";
		};
		A771D82D253B4BED00C600A6 /* Stats View */ = {
			isa = PBXGroup;
			children = (
				A771D81E253B3D2100C600A6 /* StatsView.swift */,
				A771D82E253B4C0300C600A6 /* StatsViewModel.swift */,
			);
			path = "Stats View";
			sourceTree = "<group>";
		};
		A771D835253BB26A00C600A6 /* Model Objects */ = {
			isa = PBXGroup;
			children = (
				A771D832253BB26700C600A6 /* GolfCourse.swift */,
				A771D838253BB44200C600A6 /* Scorecard.swift */,
				A771D842253BB7E000C600A6 /* CLLocationCoordinate2D+Codable.swift */,
			);
			path = "Model Objects";
			sourceTree = "<group>";
		};
		A771D83E253BB60B00C600A6 /* Networking */ = {
			isa = PBXGroup;
			children = (
				A771D83B253BB53500C600A6 /* ResponseWrapper.swift */,
				A771D83F253BB61D00C600A6 /* Networking.swift */,
				A771D88B253BDD6C00C600A6 /* URLRequest+AWSSigning.swift */,
			);
			path = Networking;
			sourceTree = "<group>";
		};
		A771D84D253BBF6B00C600A6 /* Secrets */ = {
			isa = PBXGroup;
			children = (
				A771D84E253BBFB400C600A6 /* NetworkingSecrets.swift */,
			);
			path = Secrets;
			sourceTree = "<group>";
		};
		A771D852253BC34700C600A6 /* Course Search */ = {
			isa = PBXGroup;
			children = (
				A771D853253BC35800C600A6 /* CourseSearch.swift */,
				A771D856253BC3F300C600A6 /* CourseSearchViewModel.swift */,
				A771D88E253D27AC00C600A6 /* CourseCell.swift */,
			);
			path = "Course Search";
			sourceTree = "<group>";
		};
/* End PBXGroup section */

/* Begin PBXNativeTarget section */
		A771D818253B3D2100C600A6 /* GolfTracker */ = {
			isa = PBXNativeTarget;
			buildConfigurationList = A771D828253B3D2400C600A6 /* Build configuration list for PBXNativeTarget "GolfTracker" */;
			buildPhases = (
				A771D815253B3D2100C600A6 /* Sources */,
				A771D816253B3D2100C600A6 /* Frameworks */,
				A771D817253B3D2100C600A6 /* Resources */,
			);
			buildRules = (
			);
			dependencies = (
			);
			name = GolfTracker;
			packageProductDependencies = (
				A771D885253BD92F00C600A6 /* AWSSigner */,
			);
			productName = GolfTracker;
			productReference = A771D819253B3D2100C600A6 /* GolfTracker.app */;
			productType = "com.apple.product-type.application";
		};
/* End PBXNativeTarget section */

/* Begin PBXProject section */
		A771D811253B3D2100C600A6 /* Project object */ = {
			isa = PBXProject;
			attributes = {
				LastSwiftUpdateCheck = 1200;
				LastUpgradeCheck = 1200;
				TargetAttributes = {
					A771D818253B3D2100C600A6 = {
						CreatedOnToolsVersion = 12.0;
					};
				};
			};
			buildConfigurationList = A771D814253B3D2100C600A6 /* Build configuration list for PBXProject "GolfTracker" */;
			compatibilityVersion = "Xcode 9.3";
			developmentRegion = en;
			hasScannedForEncodings = 0;
			knownRegions = (
				en,
				Base,
			);
			mainGroup = A771D810253B3D2100C600A6;
			packageReferences = (
				A771D884253BD92F00C600A6 /* XCRemoteSwiftPackageReference "aws-signer-v4" */,
			);
			productRefGroup = A771D81A253B3D2100C600A6 /* Products */;
			projectDirPath = "";
			projectRoot = "";
			targets = (
				A771D818253B3D2100C600A6 /* GolfTracker */,
			);
		};
/* End PBXProject section */

/* Begin PBXResourcesBuildPhase section */
		A771D817253B3D2100C600A6 /* Resources */ = {
			isa = PBXResourcesBuildPhase;
			buildActionMask = 2147483647;
			files = (
				A771D824253B3D2400C600A6 /* Preview Assets.xcassets in Resources */,
				A771D821253B3D2400C600A6 /* Assets.xcassets in Resources */,
			);
			runOnlyForDeploymentPostprocessing = 0;
		};
/* End PBXResourcesBuildPhase section */

/* Begin PBXSourcesBuildPhase section */
		A771D815253B3D2100C600A6 /* Sources */ = {
			isa = PBXSourcesBuildPhase;
			buildActionMask = 2147483647;
			files = (
				A771D83C253BB53500C600A6 /* ResponseWrapper.swift in Sources */,
				A771D857253BC3F300C600A6 /* CourseSearchViewModel.swift in Sources */,
				A771D854253BC35800C600A6 /* CourseSearch.swift in Sources */,
				A771D833253BB26700C600A6 /* GolfCourse.swift in Sources */,
				A771D88F253D27AC00C600A6 /* CourseCell.swift in Sources */,
				A771D843253BB7E000C600A6 /* CLLocationCoordinate2D+Codable.swift in Sources */,
				A771D839253BB44200C600A6 /* Scorecard.swift in Sources */,
				A771D81F253B3D2100C600A6 /* StatsView.swift in Sources */,
				A771D82F253B4C0300C600A6 /* StatsViewModel.swift in Sources */,
				A771D84F253BBFB400C600A6 /* NetworkingSecrets.swift in Sources */,
				A771D81D253B3D2100C600A6 /* GolfTrackerApp.swift in Sources */,
				A771D840253BB61D00C600A6 /* Networking.swift in Sources */,
				A771D88C253BDD6C00C600A6 /* URLRequest+AWSSigning.swift in Sources */,
			);
			runOnlyForDeploymentPostprocessing = 0;
		};
/* End PBXSourcesBuildPhase section */

/* Begin XCBuildConfiguration section */
		A771D826253B3D2400C600A6 /* Debug */ = {
			isa = XCBuildConfiguration;
			buildSettings = {
				ALWAYS_SEARCH_USER_PATHS = NO;
				CLANG_ANALYZER_NONNULL = YES;
				CLANG_ANALYZER_NUMBER_OBJECT_CONVERSION = YES_AGGRESSIVE;
				CLANG_CXX_LANGUAGE_STANDARD = "gnu++14";
				CLANG_CXX_LIBRARY = "libc++";
				CLANG_ENABLE_MODULES = YES;
				CLANG_ENABLE_OBJC_ARC = YES;
				CLANG_ENABLE_OBJC_WEAK = YES;
				CLANG_WARN_BLOCK_CAPTURE_AUTORELEASING = YES;
				CLANG_WARN_BOOL_CONVERSION = YES;
				CLANG_WARN_COMMA = YES;
				CLANG_WARN_CONSTANT_CONVERSION = YES;
				CLANG_WARN_DEPRECATED_OBJC_IMPLEMENTATIONS = YES;
				CLANG_WARN_DIRECT_OBJC_ISA_USAGE = YES_ERROR;
				CLANG_WARN_DOCUMENTATION_COMMENTS = YES;
				CLANG_WARN_EMPTY_BODY = YES;
				CLANG_WARN_ENUM_CONVERSION = YES;
				CLANG_WARN_INFINITE_RECURSION = YES;
				CLANG_WARN_INT_CONVERSION = YES;
				CLANG_WARN_NON_LITERAL_NULL_CONVERSION = YES;
				CLANG_WARN_OBJC_IMPLICIT_RETAIN_SELF = YES;
				CLANG_WARN_OBJC_LITERAL_CONVERSION = YES;
				CLANG_WARN_OBJC_ROOT_CLASS = YES_ERROR;
				CLANG_WARN_QUOTED_INCLUDE_IN_FRAMEWORK_HEADER = YES;
				CLANG_WARN_RANGE_LOOP_ANALYSIS = YES;
				CLANG_WARN_STRICT_PROTOTYPES = YES;
				CLANG_WARN_SUSPICIOUS_MOVE = YES;
				CLANG_WARN_UNGUARDED_AVAILABILITY = YES_AGGRESSIVE;
				CLANG_WARN_UNREACHABLE_CODE = YES;
				CLANG_WARN__DUPLICATE_METHOD_MATCH = YES;
				COPY_PHASE_STRIP = NO;
				DEBUG_INFORMATION_FORMAT = dwarf;
				ENABLE_STRICT_OBJC_MSGSEND = YES;
				ENABLE_TESTABILITY = YES;
				GCC_C_LANGUAGE_STANDARD = gnu11;
				GCC_DYNAMIC_NO_PIC = NO;
				GCC_NO_COMMON_BLOCKS = YES;
				GCC_OPTIMIZATION_LEVEL = 0;
				GCC_PREPROCESSOR_DEFINITIONS = (
					"DEBUG=1",
					"$(inherited)",
				);
				GCC_WARN_64_TO_32_BIT_CONVERSION = YES;
				GCC_WARN_ABOUT_RETURN_TYPE = YES_ERROR;
				GCC_WARN_UNDECLARED_SELECTOR = YES;
				GCC_WARN_UNINITIALIZED_AUTOS = YES_AGGRESSIVE;
				GCC_WARN_UNUSED_FUNCTION = YES;
				GCC_WARN_UNUSED_VARIABLE = YES;
				IPHONEOS_DEPLOYMENT_TARGET = 14.0;
				MTL_ENABLE_DEBUG_INFO = INCLUDE_SOURCE;
				MTL_FAST_MATH = YES;
				ONLY_ACTIVE_ARCH = YES;
				SDKROOT = iphoneos;
				SWIFT_ACTIVE_COMPILATION_CONDITIONS = DEBUG;
				SWIFT_OPTIMIZATION_LEVEL = "-Onone";
			};
			name = Debug;
		};
		A771D827253B3D2400C600A6 /* Release */ = {
			isa = XCBuildConfiguration;
			buildSettings = {
				ALWAYS_SEARCH_USER_PATHS = NO;
				CLANG_ANALYZER_NONNULL = YES;
				CLANG_ANALYZER_NUMBER_OBJECT_CONVERSION = YES_AGGRESSIVE;
				CLANG_CXX_LANGUAGE_STANDARD = "gnu++14";
				CLANG_CXX_LIBRARY = "libc++";
				CLANG_ENABLE_MODULES = YES;
				CLANG_ENABLE_OBJC_ARC = YES;
				CLANG_ENABLE_OBJC_WEAK = YES;
				CLANG_WARN_BLOCK_CAPTURE_AUTORELEASING = YES;
				CLANG_WARN_BOOL_CONVERSION = YES;
				CLANG_WARN_COMMA = YES;
				CLANG_WARN_CONSTANT_CONVERSION = YES;
				CLANG_WARN_DEPRECATED_OBJC_IMPLEMENTATIONS = YES;
				CLANG_WARN_DIRECT_OBJC_ISA_USAGE = YES_ERROR;
				CLANG_WARN_DOCUMENTATION_COMMENTS = YES;
				CLANG_WARN_EMPTY_BODY = YES;
				CLANG_WARN_ENUM_CONVERSION = YES;
				CLANG_WARN_INFINITE_RECURSION = YES;
				CLANG_WARN_INT_CONVERSION = YES;
				CLANG_WARN_NON_LITERAL_NULL_CONVERSION = YES;
				CLANG_WARN_OBJC_IMPLICIT_RETAIN_SELF = YES;
				CLANG_WARN_OBJC_LITERAL_CONVERSION = YES;
				CLANG_WARN_OBJC_ROOT_CLASS = YES_ERROR;
				CLANG_WARN_QUOTED_INCLUDE_IN_FRAMEWORK_HEADER = YES;
				CLANG_WARN_RANGE_LOOP_ANALYSIS = YES;
				CLANG_WARN_STRICT_PROTOTYPES = YES;
				CLANG_WARN_SUSPICIOUS_MOVE = YES;
				CLANG_WARN_UNGUARDED_AVAILABILITY = YES_AGGRESSIVE;
				CLANG_WARN_UNREACHABLE_CODE = YES;
				CLANG_WARN__DUPLICATE_METHOD_MATCH = YES;
				COPY_PHASE_STRIP = NO;
				DEBUG_INFORMATION_FORMAT = "dwarf-with-dsym";
				ENABLE_NS_ASSERTIONS = NO;
				ENABLE_STRICT_OBJC_MSGSEND = YES;
				GCC_C_LANGUAGE_STANDARD = gnu11;
				GCC_NO_COMMON_BLOCKS = YES;
				GCC_WARN_64_TO_32_BIT_CONVERSION = YES;
				GCC_WARN_ABOUT_RETURN_TYPE = YES_ERROR;
				GCC_WARN_UNDECLARED_SELECTOR = YES;
				GCC_WARN_UNINITIALIZED_AUTOS = YES_AGGRESSIVE;
				GCC_WARN_UNUSED_FUNCTION = YES;
				GCC_WARN_UNUSED_VARIABLE = YES;
				IPHONEOS_DEPLOYMENT_TARGET = 14.0;
				MTL_ENABLE_DEBUG_INFO = NO;
				MTL_FAST_MATH = YES;
				SDKROOT = iphoneos;
				SWIFT_COMPILATION_MODE = wholemodule;
				SWIFT_OPTIMIZATION_LEVEL = "-O";
				VALIDATE_PRODUCT = YES;
			};
			name = Release;
		};
		A771D829253B3D2400C600A6 /* Debug */ = {
			isa = XCBuildConfiguration;
			buildSettings = {
				ASSETCATALOG_COMPILER_APPICON_NAME = AppIcon;
				ASSETCATALOG_COMPILER_GLOBAL_ACCENT_COLOR_NAME = AccentColor;
				CODE_SIGN_STYLE = Automatic;
				DEVELOPMENT_ASSET_PATHS = "\"GolfTracker/Preview Content\"";
				DEVELOPMENT_TEAM = 58E42N24PH;
				ENABLE_PREVIEWS = YES;
				INFOPLIST_FILE = GolfTracker/Info.plist;
				IPHONEOS_DEPLOYMENT_TARGET = 14.0;
				LD_RUNPATH_SEARCH_PATHS = (
					"$(inherited)",
					"@executable_path/Frameworks",
				);
				PRODUCT_BUNDLE_IDENTIFIER = com.markhall.GolfTracker;
				PRODUCT_NAME = "$(TARGET_NAME)";
				SWIFT_VERSION = 5.0;
				TARGETED_DEVICE_FAMILY = "1,2";
			};
			name = Debug;
		};
		A771D82A253B3D2400C600A6 /* Release */ = {
			isa = XCBuildConfiguration;
			buildSettings = {
				ASSETCATALOG_COMPILER_APPICON_NAME = AppIcon;
				ASSETCATALOG_COMPILER_GLOBAL_ACCENT_COLOR_NAME = AccentColor;
				CODE_SIGN_STYLE = Automatic;
				DEVELOPMENT_ASSET_PATHS = "\"GolfTracker/Preview Content\"";
				DEVELOPMENT_TEAM = 58E42N24PH;
				ENABLE_PREVIEWS = YES;
				INFOPLIST_FILE = GolfTracker/Info.plist;
				IPHONEOS_DEPLOYMENT_TARGET = 14.0;
				LD_RUNPATH_SEARCH_PATHS = (
					"$(inherited)",
					"@executable_path/Frameworks",
				);
				PRODUCT_BUNDLE_IDENTIFIER = com.markhall.GolfTracker;
				PRODUCT_NAME = "$(TARGET_NAME)";
				SWIFT_VERSION = 5.0;
				TARGETED_DEVICE_FAMILY = "1,2";
			};
			name = Release;
		};
/* End XCBuildConfiguration section */

/* Begin XCConfigurationList section */
		A771D814253B3D2100C600A6 /* Build configuration list for PBXProject "GolfTracker" */ = {
			isa = XCConfigurationList;
			buildConfigurations = (
				A771D826253B3D2400C600A6 /* Debug */,
				A771D827253B3D2400C600A6 /* Release */,
			);
			defaultConfigurationIsVisible = 0;
			defaultConfigurationName = Release;
		};
		A771D828253B3D2400C600A6 /* Build configuration list for PBXNativeTarget "GolfTracker" */ = {
			isa = XCConfigurationList;
			buildConfigurations = (
				A771D829253B3D2400C600A6 /* Debug */,
				A771D82A253B3D2400C600A6 /* Release */,
			);
			defaultConfigurationIsVisible = 0;
			defaultConfigurationName = Release;
		};
/* End XCConfigurationList section */

/* Begin XCRemoteSwiftPackageReference section */
		A771D884253BD92F00C600A6 /* XCRemoteSwiftPackageReference "aws-signer-v4" */ = {
			isa = XCRemoteSwiftPackageReference;
			repositoryURL = "https://github.com/adam-fowler/aws-signer-v4";
			requirement = {
				kind = upToNextMajorVersion;
				minimumVersion = 2.1.1;
			};
		};
/* End XCRemoteSwiftPackageReference section */

/* Begin XCSwiftPackageProductDependency section */
		A771D885253BD92F00C600A6 /* AWSSigner */ = {
			isa = XCSwiftPackageProductDependency;
			package = A771D884253BD92F00C600A6 /* XCRemoteSwiftPackageReference "aws-signer-v4" */;
			productName = AWSSigner;
		};
/* End XCSwiftPackageProductDependency section */
	};
	rootObject = A771D811253B3D2100C600A6 /* Project object */;
}
